
Microsoft Visual Studio Solution File, Format Version 12.00
# Visual Studio Version 17
VisualStudioVersion = 17.0.31903.59
MinimumVisualStudioVersion = 10.0.40219.1
Project("{2150E333-8FDC-42A3-9474-1A3956D46DE8}") = "01-fondasi", "01-fondasi", "{947F34B6-1446-63FB-E5F6-44244B0D9437}"
EndProject
Project("{2150E333-8FDC-42A3-9474-1A3956D46DE8}") = "02-variabel", "02-variabel", "{6164586B-A743-1A79-B869-FA12BDEA1D98}"
EndProject
Project("{FAE04EC0-301F-11D3-BF4B-00C04F79EFBC}") = "Variabel", "01-fondasi\02-variabel\Variabel.csproj", "{2CFFF3B3-B9A2-45A4-9C1C-016E70F21F2F}"
EndProject
Project("{2150E333-8FDC-42A3-9474-1A3956D46DE8}") = "03-operasidasar", "03-operasidasar", "{F98AC003-A87B-2D38-11BC-81595F5CD7C3}"
EndProject
Project("{FAE04EC0-301F-11D3-BF4B-00C04F79EFBC}") = "OperasiDasar", "01-fondasi\03-operasidasar\OperasiDasar.csproj", "{1C6AC82D-28F1-400F-88E8-0030ED6EC449}"
EndProject
Project("{2150E333-8FDC-42A3-9474-1A3956D46DE8}") = "04-logikapercabangan", "04-logikapercabangan", "{EEE8ED0B-6576-BE69-CED3-5C68218CD433}"
EndProject
Project("{FAE04EC0-301F-11D3-BF4B-00C04F79EFBC}") = "LogikaPercabangan", "01-fondasi\04-logikapercabangan\LogikaPercabangan.csproj", "{013E7885-F148-4123-B9B5-B38AC8E18860}"
EndProject
Project("{2150E333-8FDC-42A3-9474-1A3956D46DE8}") = "05-logikaperulangan", "05-logikaperulangan", "{980C35C6-8F51-A445-7740-B2A92017173C}"
EndProject
Project("{FAE04EC0-301F-11D3-BF4B-00C04F79EFBC}") = "LogikaPerulangan", "01-fondasi\05-logikaperulangan\LogikaPerulangan.csproj", "{2D9C783B-B6EA-4AFC-A161-960D10A6FA59}"
EndProject
Project("{2150E333-8FDC-42A3-9474-1A3956D46DE8}") = "06-koleksidata", "06-koleksidata", "{08D6E72D-D2D9-0787-5BE1-07B69563FF52}"
EndProject
Project("{FAE04EC0-301F-11D3-BF4B-00C04F79EFBC}") = "KoleksiData", "01-fondasi\06-koleksidata\KoleksiData.csproj", "{FE3B8596-2752-47E8-A574-37CD1A3015DF}"
EndProject
Project("{2150E333-8FDC-42A3-9474-1A3956D46DE8}") = "02-konsepinti", "02-konsepinti", "{510FDC83-85F0-8C15-A737-81D7F63E0F8A}"
EndProject
Project("{2150E333-8FDC-42A3-9474-1A3956D46DE8}") = "01-metodefungsi", "01-metodefungsi", "{BF0409AE-729D-C711-5520-478666DE73BB}"
EndProject
Project("{FAE04EC0-301F-11D3-BF4B-00C04F79EFBC}") = "MetodeFungsi", "02-konsepinti\01-metodefungsi\MetodeFungsi.csproj", "{BFA5502F-6C58-4497-81CC-B3F40D4FC5FD}"
EndProject
Project("{2150E333-8FDC-42A3-9474-1A3956D46DE8}") = "02-pewarisan", "02-pewarisan", "{98789CB8-9872-126D-5384-A6D334EC89AC}"
EndProject
Project("{FAE04EC0-301F-11D3-BF4B-00C04F79EFBC}") = "Pewarisan", "02-konsepinti\02-pewarisan\Pewarisan.csproj", "{E87A0CC6-00CB-41F8-9E15-E1393C235CF1}"
EndProject
Global
	GlobalSection(SolutionConfigurationPlatforms) = preSolution
		Debug|Any CPU = Debug|Any CPU
		Debug|x64 = Debug|x64
		Debug|x86 = Debug|x86
		Release|Any CPU = Release|Any CPU
		Release|x64 = Release|x64
		Release|x86 = Release|x86
	EndGlobalSection
	GlobalSection(ProjectConfigurationPlatforms) = postSolution
		{2CFFF3B3-B9A2-45A4-9C1C-016E70F21F2F}.Debug|Any CPU.ActiveCfg = Debug|Any CPU
		{2CFFF3B3-B9A2-45A4-9C1C-016E70F21F2F}.Debug|Any CPU.Build.0 = Debug|Any CPU
		{2CFFF3B3-B9A2-45A4-9C1C-016E70F21F2F}.Debug|x64.ActiveCfg = Debug|Any CPU
		{2CFFF3B3-B9A2-45A4-9C1C-016E70F21F2F}.Debug|x64.Build.0 = Debug|Any CPU
		{2CFFF3B3-B9A2-45A4-9C1C-016E70F21F2F}.Debug|x86.ActiveCfg = Debug|Any CPU
		{2CFFF3B3-B9A2-45A4-9C1C-016E70F21F2F}.Debug|x86.Build.0 = Debug|Any CPU
		{2CFFF3B3-B9A2-45A4-9C1C-016E70F21F2F}.Release|Any CPU.ActiveCfg = Release|Any CPU
		{2CFFF3B3-B9A2-45A4-9C1C-016E70F21F2F}.Release|Any CPU.Build.0 = Release|Any CPU
		{2CFFF3B3-B9A2-45A4-9C1C-016E70F21F2F}.Release|x64.ActiveCfg = Release|Any CPU
		{2CFFF3B3-B9A2-45A4-9C1C-016E70F21F2F}.Release|x64.Build.0 = Release|Any CPU
		{2CFFF3B3-B9A2-45A4-9C1C-016E70F21F2F}.Release|x86.ActiveCfg = Release|Any CPU
		{2CFFF3B3-B9A2-45A4-9C1C-016E70F21F2F}.Release|x86.Build.0 = Release|Any CPU
		{1C6AC82D-28F1-400F-88E8-0030ED6EC449}.Debug|Any CPU.ActiveCfg = Debug|Any CPU
		{1C6AC82D-28F1-400F-88E8-0030ED6EC449}.Debug|Any CPU.Build.0 = Debug|Any CPU
		{1C6AC82D-28F1-400F-88E8-0030ED6EC449}.Debug|x64.ActiveCfg = Debug|Any CPU
		{1C6AC82D-28F1-400F-88E8-0030ED6EC449}.Debug|x64.Build.0 = Debug|Any CPU
		{1C6AC82D-28F1-400F-88E8-0030ED6EC449}.Debug|x86.ActiveCfg = Debug|Any CPU
		{1C6AC82D-28F1-400F-88E8-0030ED6EC449}.Debug|x86.Build.0 = Debug|Any CPU
		{1C6AC82D-28F1-400F-88E8-0030ED6EC449}.Release|Any CPU.ActiveCfg = Release|Any CPU
		{1C6AC82D-28F1-400F-88E8-0030ED6EC449}.Release|Any CPU.Build.0 = Release|Any CPU
		{1C6AC82D-28F1-400F-88E8-0030ED6EC449}.Release|x64.ActiveCfg = Release|Any CPU
		{1C6AC82D-28F1-400F-88E8-0030ED6EC449}.Release|x64.Build.0 = Release|Any CPU
		{1C6AC82D-28F1-400F-88E8-0030ED6EC449}.Release|x86.ActiveCfg = Release|Any CPU
		{1C6AC82D-28F1-400F-88E8-0030ED6EC449}.Release|x86.Build.0 = Release|Any CPU
		{013E7885-F148-4123-B9B5-B38AC8E18860}.Debug|Any CPU.ActiveCfg = Debug|Any CPU
		{013E7885-F148-4123-B9B5-B38AC8E18860}.Debug|Any CPU.Build.0 = Debug|Any CPU
		{013E7885-F148-4123-B9B5-B38AC8E18860}.Debug|x64.ActiveCfg = Debug|Any CPU
		{013E7885-F148-4123-B9B5-B38AC8E18860}.Debug|x64.Build.0 = Debug|Any CPU
		{013E7885-F148-4123-B9B5-B38AC8E18860}.Debug|x86.ActiveCfg = Debug|Any CPU
		{013E7885-F148-4123-B9B5-B38AC8E18860}.Debug|x86.Build.0 = Debug|Any CPU
		{013E7885-F148-4123-B9B5-B38AC8E18860}.Release|Any CPU.ActiveCfg = Release|Any CPU
		{013E7885-F148-4123-B9B5-B38AC8E18860}.Release|Any CPU.Build.0 = Release|Any CPU
		{013E7885-F148-4123-B9B5-B38AC8E18860}.Release|x64.ActiveCfg = Release|Any CPU
		{013E7885-F148-4123-B9B5-B38AC8E18860}.Release|x64.Build.0 = Release|Any CPU
		{013E7885-F148-4123-B9B5-B38AC8E18860}.Release|x86.ActiveCfg = Release|Any CPU
		{013E7885-F148-4123-B9B5-B38AC8E18860}.Release|x86.Build.0 = Release|Any CPU
		{2D9C783B-B6EA-4AFC-A161-960D10A6FA59}.Debug|Any CPU.ActiveCfg = Debug|Any CPU
		{2D9C783B-B6EA-4AFC-A161-960D10A6FA59}.Debug|Any CPU.Build.0 = Debug|Any CPU
		{2D9C783B-B6EA-4AFC-A161-960D10A6FA59}.Debug|x64.ActiveCfg = Debug|Any CPU
		{2D9C783B-B6EA-4AFC-A161-960D10A6FA59}.Debug|x64.Build.0 = Debug|Any CPU
		{2D9C783B-B6EA-4AFC-A161-960D10A6FA59}.Debug|x86.ActiveCfg = Debug|Any CPU
		{2D9C783B-B6EA-4AFC-A161-960D10A6FA59}.Debug|x86.Build.0 = Debug|Any CPU
		{2D9C783B-B6EA-4AFC-A161-960D10A6FA59}.Release|Any CPU.ActiveCfg = Release|Any CPU
		{2D9C783B-B6EA-4AFC-A161-960D10A6FA59}.Release|Any CPU.Build.0 = Release|Any CPU
		{2D9C783B-B6EA-4AFC-A161-960D10A6FA59}.Release|x64.ActiveCfg = Release|Any CPU
		{2D9C783B-B6EA-4AFC-A161-960D10A6FA59}.Release|x64.Build.0 = Release|Any CPU
		{2D9C783B-B6EA-4AFC-A161-960D10A6FA59}.Release|x86.ActiveCfg = Release|Any CPU
		{2D9C783B-B6EA-4AFC-A161-960D10A6FA59}.Release|x86.Build.0 = Release|Any CPU
		{FE3B8596-2752-47E8-A574-37CD1A3015DF}.Debug|Any CPU.ActiveCfg = Debug|Any CPU
		{FE3B8596-2752-47E8-A574-37CD1A3015DF}.Debug|Any CPU.Build.0 = Debug|Any CPU
		{FE3B8596-2752-47E8-A574-37CD1A3015DF}.Debug|x64.ActiveCfg = Debug|Any CPU
		{FE3B8596-2752-47E8-A574-37CD1A3015DF}.Debug|x64.Build.0 = Debug|Any CPU
		{FE3B8596-2752-47E8-A574-37CD1A3015DF}.Debug|x86.ActiveCfg = Debug|Any CPU
		{FE3B8596-2752-47E8-A574-37CD1A3015DF}.Debug|x86.Build.0 = Debug|Any CPU
		{FE3B8596-2752-47E8-A574-37CD1A3015DF}.Release|Any CPU.ActiveCfg = Release|Any CPU
		{FE3B8596-2752-47E8-A574-37CD1A3015DF}.Release|Any CPU.Build.0 = Release|Any CPU
		{FE3B8596-2752-47E8-A574-37CD1A3015DF}.Release|x64.ActiveCfg = Release|Any CPU
		{FE3B8596-2752-47E8-A574-37CD1A3015DF}.Release|x64.Build.0 = Release|Any CPU
		{FE3B8596-2752-47E8-A574-37CD1A3015DF}.Release|x86.ActiveCfg = Release|Any CPU
		{FE3B8596-2752-47E8-A574-37CD1A3015DF}.Release|x86.Build.0 = Release|Any CPU
		{BFA5502F-6C58-4497-81CC-B3F40D4FC5FD}.Debug|Any CPU.ActiveCfg = Debug|Any CPU
		{BFA5502F-6C58-4497-81CC-B3F40D4FC5FD}.Debug|Any CPU.Build.0 = Debug|Any CPU
		{BFA5502F-6C58-4497-81CC-B3F40D4FC5FD}.Debug|x64.ActiveCfg = Debug|Any CPU
		{BFA5502F-6C58-4497-81CC-B3F40D4FC5FD}.Debug|x64.Build.0 = Debug|Any CPU
		{BFA5502F-6C58-4497-81CC-B3F40D4FC5FD}.Debug|x86.ActiveCfg = Debug|Any CPU
		{BFA5502F-6C58-4497-81CC-B3F40D4FC5FD}.Debug|x86.Build.0 = Debug|Any CPU
		{BFA5502F-6C58-4497-81CC-B3F40D4FC5FD}.Release|Any CPU.ActiveCfg = Release|Any CPU
		{BFA5502F-6C58-4497-81CC-B3F40D4FC5FD}.Release|Any CPU.Build.0 = Release|Any CPU
		{BFA5502F-6C58-4497-81CC-B3F40D4FC5FD}.Release|x64.ActiveCfg = Release|Any CPU
		{BFA5502F-6C58-4497-81CC-B3F40D4FC5FD}.Release|x64.Build.0 = Release|Any CPU
		{BFA5502F-6C58-4497-81CC-B3F40D4FC5FD}.Release|x86.ActiveCfg = Release|Any CPU
		{BFA5502F-6C58-4497-81CC-B3F40D4FC5FD}.Release|x86.Build.0 = Release|Any CPU
		{E87A0CC6-00CB-41F8-9E15-E1393C235CF1}.Debug|Any CPU.ActiveCfg = Debug|Any CPU
		{E87A0CC6-00CB-41F8-9E15-E1393C235CF1}.Debug|Any CPU.Build.0 = Debug|Any CPU
		{E87A0CC6-00CB-41F8-9E15-E1393C235CF1}.Debug|x64.ActiveCfg = Debug|Any CPU
		{E87A0CC6-00CB-41F8-9E15-E1393C235CF1}.Debug|x64.Build.0 = Debug|Any CPU
		{E87A0CC6-00CB-41F8-9E15-E1393C235CF1}.Debug|x86.ActiveCfg = Debug|Any CPU
		{E87A0CC6-00CB-41F8-9E15-E1393C235CF1}.Debug|x86.Build.0 = Debug|Any CPU
		{E87A0CC6-00CB-41F8-9E15-E1393C235CF1}.Release|Any CPU.ActiveCfg = Release|Any CPU
		{E87A0CC6-00CB-41F8-9E15-E1393C235CF1}.Release|Any CPU.Build.0 = Release|Any CPU
		{E87A0CC6-00CB-41F8-9E15-E1393C235CF1}.Release|x64.ActiveCfg = Release|Any CPU
		{E87A0CC6-00CB-41F8-9E15-E1393C235CF1}.Release|x64.Build.0 = Release|Any CPU
		{E87A0CC6-00CB-41F8-9E15-E1393C235CF1}.Release|x86.ActiveCfg = Release|Any CPU
		{E87A0CC6-00CB-41F8-9E15-E1393C235CF1}.Release|x86.Build.0 = Release|Any CPU
	EndGlobalSection
	GlobalSection(SolutionProperties) = preSolution
		HideSolutionNode = FALSE
	EndGlobalSection
	GlobalSection(NestedProjects) = preSolution
		{6164586B-A743-1A79-B869-FA12BDEA1D98} = {947F34B6-1446-63FB-E5F6-44244B0D9437}
		{2CFFF3B3-B9A2-45A4-9C1C-016E70F21F2F} = {6164586B-A743-1A79-B869-FA12BDEA1D98}
		{F98AC003-A87B-2D38-11BC-81595F5CD7C3} = {947F34B6-1446-63FB-E5F6-44244B0D9437}
		{1C6AC82D-28F1-400F-88E8-0030ED6EC449} = {F98AC003-A87B-2D38-11BC-81595F5CD7C3}
		{EEE8ED0B-6576-BE69-CED3-5C68218CD433} = {947F34B6-1446-63FB-E5F6-44244B0D9437}
		{013E7885-F148-4123-B9B5-B38AC8E18860} = {EEE8ED0B-6576-BE69-CED3-5C68218CD433}
		{980C35C6-8F51-A445-7740-B2A92017173C} = {947F34B6-1446-63FB-E5F6-44244B0D9437}
		{2D9C783B-B6EA-4AFC-A161-960D10A6FA59} = {980C35C6-8F51-A445-7740-B2A92017173C}
		{08D6E72D-D2D9-0787-5BE1-07B69563FF52} = {947F34B6-1446-63FB-E5F6-44244B0D9437}
		{FE3B8596-2752-47E8-A574-37CD1A3015DF} = {08D6E72D-D2D9-0787-5BE1-07B69563FF52}
		{BF0409AE-729D-C711-5520-478666DE73BB} = {510FDC83-85F0-8C15-A737-81D7F63E0F8A}
		{BFA5502F-6C58-4497-81CC-B3F40D4FC5FD} = {BF0409AE-729D-C711-5520-478666DE73BB}
		{98789CB8-9872-126D-5384-A6D334EC89AC} = {510FDC83-85F0-8C15-A737-81D7F63E0F8A}
		{E87A0CC6-00CB-41F8-9E15-E1393C235CF1} = {98789CB8-9872-126D-5384-A6D334EC89AC}
	EndGlobalSection
EndGlobal
